
Microsoft Visual Studio Solution File, Format Version 12.00
# Visual Studio Version 17
VisualStudioVersion = 17.13.35828.75 d17.13
MinimumVisualStudioVersion = 10.0.40219.1
Project("{FAE04EC0-301F-11D3-BF4B-00C04F79EFBC}") = "CDURechazos", "CDURechazos\CDURechazos.csproj", "{4A3B94AB-E06C-42C2-8542-C8CFE429719C}"
EndProject
Global
	GlobalSection(SolutionConfigurationPlatforms) = preSolution
		Debug|Any CPU = Debug|Any CPU
		Release|Any CPU = Release|Any CPU
	EndGlobalSection
	GlobalSection(ProjectConfigurationPlatforms) = postSolution
		{4A3B94AB-E06C-42C2-8542-C8CFE429719C}.Debug|Any CPU.ActiveCfg = Debug|Any CPU
		{4A3B94AB-E06C-42C2-8542-C8CFE429719C}.Debug|Any CPU.Build.0 = Debug|Any CPU
		{4A3B94AB-E06C-42C2-8542-C8CFE429719C}.Release|Any CPU.ActiveCfg = Release|Any CPU
		{4A3B94AB-E06C-42C2-8542-C8CFE429719C}.Release|Any CPU.Build.0 = Release|Any CPU
	EndGlobalSection
	GlobalSection(SolutionProperties) = preSolution
		HideSolutionNode = FALSE
	EndGlobalSection
	GlobalSection(ExtensibilityGlobals) = postSolution
		SolutionGuid = {858490A1-D7F4-47A3-847D-A0980657BE03}
	EndGlobalSection
EndGlobal
